
Microsoft Visual Studio Solution File, Format Version 12.00
# Visual Studio 15
VisualStudioVersion = 15.0.27004.2005
MinimumVisualStudioVersion = 10.0.40219.1
Project("{FAE04EC0-301F-11D3-BF4B-00C04F79EFBC}") = "Musicly", "Musicly\Musicly.csproj", "{A4BC27AF-5671-4198-8388-FD82B991C640}"
EndProject
Project("{FAE04EC0-301F-11D3-BF4B-00C04F79EFBC}") = "Musicly.Tests", "Musicly.Tests\Musicly.Tests.csproj", "{52F5B8F6-EFE1-4498-9C1B-FB4E46A193D4}"
EndProject
Global
	GlobalSection(SolutionConfigurationPlatforms) = preSolution
		Debug|Any CPU = Debug|Any CPU
		Release|Any CPU = Release|Any CPU
	EndGlobalSection
	GlobalSection(ProjectConfigurationPlatforms) = postSolution
		{A4BC27AF-5671-4198-8388-FD82B991C640}.Debug|Any CPU.ActiveCfg = Debug|Any CPU
		{A4BC27AF-5671-4198-8388-FD82B991C640}.Debug|Any CPU.Build.0 = Debug|Any CPU
		{A4BC27AF-5671-4198-8388-FD82B991C640}.Release|Any CPU.ActiveCfg = Release|Any CPU
		{A4BC27AF-5671-4198-8388-FD82B991C640}.Release|Any CPU.Build.0 = Release|Any CPU
		{52F5B8F6-EFE1-4498-9C1B-FB4E46A193D4}.Debug|Any CPU.ActiveCfg = Debug|Any CPU
		{52F5B8F6-EFE1-4498-9C1B-FB4E46A193D4}.Debug|Any CPU.Build.0 = Debug|Any CPU
		{52F5B8F6-EFE1-4498-9C1B-FB4E46A193D4}.Release|Any CPU.ActiveCfg = Release|Any CPU
		{52F5B8F6-EFE1-4498-9C1B-FB4E46A193D4}.Release|Any CPU.Build.0 = Release|Any CPU
	EndGlobalSection
	GlobalSection(SolutionProperties) = preSolution
		HideSolutionNode = FALSE
	EndGlobalSection
	GlobalSection(ExtensibilityGlobals) = postSolution
		SolutionGuid = {76591B86-8BB3-42CF-8F2E-DD958A37D5C3}
	EndGlobalSection
EndGlobal
